
Microsoft Visual Studio Solution File, Format Version 12.00
# Visual Studio Version 17
VisualStudioVersion = 17.9.34714.143
MinimumVisualStudioVersion = 10.0.40219.1
Project("{FAE04EC0-301F-11D3-BF4B-00C04F79EFBC}") = "Final Roguelike", "Final Roguelike.csproj", "{1B78B8C8-13F5-4E35-93E8-E1C584B03360}"
EndProject
Global
	GlobalSection(SolutionConfigurationPlatforms) = preSolution
		Debug|Any CPU = Debug|Any CPU
		Release|Any CPU = Release|Any CPU
	EndGlobalSection
	GlobalSection(ProjectConfigurationPlatforms) = postSolution
		{1B78B8C8-13F5-4E35-93E8-E1C584B03360}.Debug|Any CPU.ActiveCfg = Debug|Any CPU
		{1B78B8C8-13F5-4E35-93E8-E1C584B03360}.Debug|Any CPU.Build.0 = Debug|Any CPU
		{1B78B8C8-13F5-4E35-93E8-E1C584B03360}.Release|Any CPU.ActiveCfg = Release|Any CPU
		{1B78B8C8-13F5-4E35-93E8-E1C584B03360}.Release|Any CPU.Build.0 = Release|Any CPU
	EndGlobalSection
	GlobalSection(SolutionProperties) = preSolution
		HideSolutionNode = FALSE
	EndGlobalSection
	GlobalSection(ExtensibilityGlobals) = postSolution
		SolutionGuid = {1C7496B4-16B6-4FD9-8958-ADA94E187AC3}
	EndGlobalSection
EndGlobal
